// !$*UTF8*$!
{
	archiveVersion = 1;
	classes = {
	};
	objectVersion = 53;
	objects = {

/* Begin PBXBuildFile section */
		4F855DD72476683E00EE7C14 /* ScreenSaver.framework in Frameworks */ = {isa = PBXBuildFile; fileRef = 4F855DD62476683E00EE7C14 /* ScreenSaver.framework */; };
		4F855DD92476684700EE7C14 /* Cocoa.framework in Frameworks */ = {isa = PBXBuildFile; fileRef = 4F855DD82476684700EE7C14 /* Cocoa.framework */; };
		4FCDCD1F2477A8910092C420 /* thumbnail.png in Resources */ = {isa = PBXBuildFile; fileRef = 4FCDCD1D2477A8910092C420 /* thumbnail.png */; };
		4FCDCD202477A8910092C420 /* thumbnail@2x.png in Resources */ = {isa = PBXBuildFile; fileRef = 4FCDCD1E2477A8910092C420 /* thumbnail@2x.png */; };
		4FDED8732476603B0004B3A0 /* SleepyNixieView.h in Headers */ = {isa = PBXBuildFile; fileRef = 4FDED8722476603B0004B3A0 /* SleepyNixieView.h */; };
		4FDED8752476603B0004B3A0 /* SleepyNixieView.m in Sources */ = {isa = PBXBuildFile; fileRef = 4FDED8742476603B0004B3A0 /* SleepyNixieView.m */; };
		4FDED891247660670004B3A0 /* nx-8.png in Resources */ = {isa = PBXBuildFile; fileRef = 4FDED87D247660660004B3A0 /* nx-8.png */; };
		4FDED892247660670004B3A0 /* nx-6.png in Resources */ = {isa = PBXBuildFile; fileRef = 4FDED87E247660660004B3A0 /* nx-6.png */; };
		4FDED893247660670004B3A0 /* nx-1.png in Resources */ = {isa = PBXBuildFile; fileRef = 4FDED87F247660660004B3A0 /* nx-1.png */; };
		4FDED896247660670004B3A0 /* nx-9.png in Resources */ = {isa = PBXBuildFile; fileRef = 4FDED882247660660004B3A0 /* nx-9.png */; };
		4FDED897247660670004B3A0 /* nx-7.png in Resources */ = {isa = PBXBuildFile; fileRef = 4FDED883247660660004B3A0 /* nx-7.png */; };
		4FDED89E247660670004B3A0 /* nx-2.png in Resources */ = {isa = PBXBuildFile; fileRef = 4FDED88A247660670004B3A0 /* nx-2.png */; };
		4FDED89F247660670004B3A0 /* nx-3.png in Resources */ = {isa = PBXBuildFile; fileRef = 4FDED88B247660670004B3A0 /* nx-3.png */; };
		4FDED8A1247660670004B3A0 /* nx-5.png in Resources */ = {isa = PBXBuildFile; fileRef = 4FDED88D247660670004B3A0 /* nx-5.png */; };
		4FDED8A2247660670004B3A0 /* nx-0.png in Resources */ = {isa = PBXBuildFile; fileRef = 4FDED88E247660670004B3A0 /* nx-0.png */; };
		4FDED8A3247660670004B3A0 /* nx-4.png in Resources */ = {isa = PBXBuildFile; fileRef = 4FDED88F247660670004B3A0 /* nx-4.png */; };
/* End PBXBuildFile section */

/* Begin PBXFileReference section */
		4F855DD62476683E00EE7C14 /* ScreenSaver.framework */ = {isa = PBXFileReference; lastKnownFileType = wrapper.framework; name = ScreenSaver.framework; path = System/Library/Frameworks/ScreenSaver.framework; sourceTree = SDKROOT; };
		4F855DD82476684700EE7C14 /* Cocoa.framework */ = {isa = PBXFileReference; lastKnownFileType = wrapper.framework; name = Cocoa.framework; path = System/Library/Frameworks/Cocoa.framework; sourceTree = SDKROOT; };
		4FCDCD1D2477A8910092C420 /* thumbnail.png */ = {isa = PBXFileReference; lastKnownFileType = image.png; path = thumbnail.png; sourceTree = "<group>"; };
		4FCDCD1E2477A8910092C420 /* thumbnail@2x.png */ = {isa = PBXFileReference; lastKnownFileType = image.png; path = "thumbnail@2x.png"; sourceTree = "<group>"; };
		4FDED86F2476603B0004B3A0 /* SleepyNixie.saver */ = {isa = PBXFileReference; explicitFileType = wrapper.cfbundle; includeInIndex = 0; path = SleepyNixie.saver; sourceTree = BUILT_PRODUCTS_DIR; };
		4FDED8722476603B0004B3A0 /* SleepyNixieView.h */ = {isa = PBXFileReference; lastKnownFileType = sourcecode.c.h; path = SleepyNixieView.h; sourceTree = "<group>"; };
		4FDED8742476603B0004B3A0 /* SleepyNixieView.m */ = {isa = PBXFileReference; lastKnownFileType = sourcecode.c.objc; path = SleepyNixieView.m; sourceTree = "<group>"; };
		4FDED8762476603B0004B3A0 /* Info.plist */ = {isa = PBXFileReference; lastKnownFileType = text.plist.xml; path = Info.plist; sourceTree = "<group>"; };
		4FDED87D247660660004B3A0 /* nx-8.png */ = {isa = PBXFileReference; lastKnownFileType = image.png; path = "nx-8.png"; sourceTree = "<group>"; };
		4FDED87E247660660004B3A0 /* nx-6.png */ = {isa = PBXFileReference; lastKnownFileType = image.png; path = "nx-6.png"; sourceTree = "<group>"; };
		4FDED87F247660660004B3A0 /* nx-1.png */ = {isa = PBXFileReference; lastKnownFileType = image.png; path = "nx-1.png"; sourceTree = "<group>"; };
		4FDED882247660660004B3A0 /* nx-9.png */ = {isa = PBXFileReference; lastKnownFileType = image.png; path = "nx-9.png"; sourceTree = "<group>"; };
		4FDED883247660660004B3A0 /* nx-7.png */ = {isa = PBXFileReference; lastKnownFileType = image.png; path = "nx-7.png"; sourceTree = "<group>"; };
		4FDED88A247660670004B3A0 /* nx-2.png */ = {isa = PBXFileReference; lastKnownFileType = image.png; path = "nx-2.png"; sourceTree = "<group>"; };
		4FDED88B247660670004B3A0 /* nx-3.png */ = {isa = PBXFileReference; lastKnownFileType = image.png; path = "nx-3.png"; sourceTree = "<group>"; };
		4FDED88D247660670004B3A0 /* nx-5.png */ = {isa = PBXFileReference; lastKnownFileType = image.png; path = "nx-5.png"; sourceTree = "<group>"; };
		4FDED88E247660670004B3A0 /* nx-0.png */ = {isa = PBXFileReference; lastKnownFileType = image.png; path = "nx-0.png"; sourceTree = "<group>"; };
		4FDED88F247660670004B3A0 /* nx-4.png */ = {isa = PBXFileReference; lastKnownFileType = image.png; path = "nx-4.png"; sourceTree = "<group>"; };
/* End PBXFileReference section */

/* Begin PBXFrameworksBuildPhase section */
		4FDED86C2476603B0004B3A0 /* Frameworks */ = {
			isa = PBXFrameworksBuildPhase;
			buildActionMask = 2147483647;
			files = (
				4F855DD92476684700EE7C14 /* Cocoa.framework in Frameworks */,
				4F855DD72476683E00EE7C14 /* ScreenSaver.framework in Frameworks */,
			);
			runOnlyForDeploymentPostprocessing = 0;
		};
/* End PBXFrameworksBuildPhase section */

/* Begin PBXGroup section */
		4F855DD52476683E00EE7C14 /* Frameworks */ = {
			isa = PBXGroup;
			children = (
				4F855DD82476684700EE7C14 /* Cocoa.framework */,
				4F855DD62476683E00EE7C14 /* ScreenSaver.framework */,
			);
			name = Frameworks;
			sourceTree = "<group>";
		};
		4FDED8652476603B0004B3A0 = {
			isa = PBXGroup;
			children = (
				4FDED8712476603B0004B3A0 /* SleepyNixie */,
				4FDED8702476603B0004B3A0 /* Products */,
				4F855DD52476683E00EE7C14 /* Frameworks */,
			);
			sourceTree = "<group>";
		};
		4FDED8702476603B0004B3A0 /* Products */ = {
			isa = PBXGroup;
			children = (
				4FDED86F2476603B0004B3A0 /* SleepyNixie.saver */,
			);
			name = Products;
			sourceTree = "<group>";
		};
		4FDED8712476603B0004B3A0 /* SleepyNixie */ = {
			isa = PBXGroup;
			children = (
				4FDED8722476603B0004B3A0 /* SleepyNixieView.h */,
				4FDED8742476603B0004B3A0 /* SleepyNixieView.m */,
				4FDED8762476603B0004B3A0 /* Info.plist */,
				4FDED88E247660670004B3A0 /* nx-0.png */,
				4FDED87F247660660004B3A0 /* nx-1.png */,
				4FDED88A247660670004B3A0 /* nx-2.png */,
				4FDED88B247660670004B3A0 /* nx-3.png */,
				4FDED88F247660670004B3A0 /* nx-4.png */,
				4FDED88D247660670004B3A0 /* nx-5.png */,
				4FDED87E247660660004B3A0 /* nx-6.png */,
				4FDED883247660660004B3A0 /* nx-7.png */,
				4FDED87D247660660004B3A0 /* nx-8.png */,
				4FDED882247660660004B3A0 /* nx-9.png */,
				4FCDCD1D2477A8910092C420 /* thumbnail.png */,
				4FCDCD1E2477A8910092C420 /* thumbnail@2x.png */,
			);
			path = SleepyNixie;
			sourceTree = "<group>";
		};
/* End PBXGroup section */

/* Begin PBXHeadersBuildPhase section */
		4FDED86A2476603B0004B3A0 /* Headers */ = {
			isa = PBXHeadersBuildPhase;
			buildActionMask = 2147483647;
			files = (
				4FDED8732476603B0004B3A0 /* SleepyNixieView.h in Headers */,
			);
			runOnlyForDeploymentPostprocessing = 0;
		};
/* End PBXHeadersBuildPhase section */

/* Begin PBXNativeTarget section */
		4FDED86E2476603B0004B3A0 /* SleepyNixie */ = {
			isa = PBXNativeTarget;
			buildConfigurationList = 4FDED8792476603B0004B3A0 /* Build configuration list for PBXNativeTarget "SleepyNixie" */;
			buildPhases = (
				4FDED86A2476603B0004B3A0 /* Headers */,
				4FDED86B2476603B0004B3A0 /* Sources */,
				4FDED86C2476603B0004B3A0 /* Frameworks */,
				4FDED86D2476603B0004B3A0 /* Resources */,
			);
			buildRules = (
			);
			dependencies = (
			);
			name = SleepyNixie;
			productName = SleepyNixie;
			productReference = 4FDED86F2476603B0004B3A0 /* SleepyNixie.saver */;
			productType = "com.apple.product-type.bundle";
		};
/* End PBXNativeTarget section */

/* Begin PBXProject section */
		4FDED8662476603B0004B3A0 /* Project object */ = {
			isa = PBXProject;
			attributes = {
				KnownAssetTags = (
					New,
				);
				LastUpgradeCheck = 1140;
				ORGANIZATIONNAME = g42.net;
				TargetAttributes = {
					4FDED86E2476603B0004B3A0 = {
						CreatedOnToolsVersion = 11.4.1;
					};
				};
			};
			buildConfigurationList = 4FDED8692476603B0004B3A0 /* Build configuration list for PBXProject "SleepyNixie" */;
			compatibilityVersion = "Xcode 11.4";
			developmentRegion = en;
			hasScannedForEncodings = 0;
			knownRegions = (
				en,
				Base,
			);
			mainGroup = 4FDED8652476603B0004B3A0;
			productRefGroup = 4FDED8702476603B0004B3A0 /* Products */;
			projectDirPath = "";
			projectRoot = "";
			targets = (
				4FDED86E2476603B0004B3A0 /* SleepyNixie */,
			);
		};
/* End PBXProject section */

/* Begin PBXResourcesBuildPhase section */
		4FDED86D2476603B0004B3A0 /* Resources */ = {
			isa = PBXResourcesBuildPhase;
			buildActionMask = 2147483647;
			files = (
				4FDED89F247660670004B3A0 /* nx-3.png in Resources */,
				4FDED891247660670004B3A0 /* nx-8.png in Resources */,
				4FCDCD1F2477A8910092C420 /* thumbnail.png in Resources */,
				4FDED892247660670004B3A0 /* nx-6.png in Resources */,
				4FDED8A3247660670004B3A0 /* nx-4.png in Resources */,
				4FCDCD202477A8910092C420 /* thumbnail@2x.png in Resources */,
				4FDED896247660670004B3A0 /* nx-9.png in Resources */,
				4FDED897247660670004B3A0 /* nx-7.png in Resources */,
				4FDED8A1247660670004B3A0 /* nx-5.png in Resources */,
				4FDED8A2247660670004B3A0 /* nx-0.png in Resources */,
				4FDED89E247660670004B3A0 /* nx-2.png in Resources */,
				4FDED893247660670004B3A0 /* nx-1.png in Resources */,
			);
			runOnlyForDeploymentPostprocessing = 0;
		};
/* End PBXResourcesBuildPhase section */

/* Begin PBXSourcesBuildPhase section */
		4FDED86B2476603B0004B3A0 /* Sources */ = {
			isa = PBXSourcesBuildPhase;
			buildActionMask = 2147483647;
			files = (
				4FDED8752476603B0004B3A0 /* SleepyNixieView.m in Sources */,
			);
			runOnlyForDeploymentPostprocessing = 0;
		};
/* End PBXSourcesBuildPhase section */

/* Begin XCBuildConfiguration section */
		4FDED8772476603B0004B3A0 /* Debug */ = {
			isa = XCBuildConfiguration;
			buildSettings = {
				ALWAYS_SEARCH_USER_PATHS = NO;
				CLANG_ANALYZER_NONNULL = YES;
				CLANG_ANALYZER_NUMBER_OBJECT_CONVERSION = YES_AGGRESSIVE;
				CLANG_CXX_LANGUAGE_STANDARD = "compiler-default";
				CLANG_CXX_LIBRARY = "compiler-default";
				CLANG_ENABLE_MODULES = NO;
				CLANG_ENABLE_OBJC_ARC = NO;
				CLANG_ENABLE_OBJC_WEAK = NO;
				CLANG_WARN_BLOCK_CAPTURE_AUTORELEASING = YES;
				CLANG_WARN_BOOL_CONVERSION = YES;
				CLANG_WARN_COMMA = YES;
				CLANG_WARN_CONSTANT_CONVERSION = YES;
				CLANG_WARN_DEPRECATED_OBJC_IMPLEMENTATIONS = YES;
				CLANG_WARN_DIRECT_OBJC_ISA_USAGE = YES_ERROR;
				CLANG_WARN_DOCUMENTATION_COMMENTS = YES;
				CLANG_WARN_EMPTY_BODY = YES;
				CLANG_WARN_ENUM_CONVERSION = YES;
				CLANG_WARN_INFINITE_RECURSION = YES;
				CLANG_WARN_INT_CONVERSION = YES;
				CLANG_WARN_NON_LITERAL_NULL_CONVERSION = YES;
				CLANG_WARN_OBJC_IMPLICIT_RETAIN_SELF = NO;
				CLANG_WARN_OBJC_LITERAL_CONVERSION = YES;
				CLANG_WARN_OBJC_ROOT_CLASS = YES_ERROR;
				CLANG_WARN_RANGE_LOOP_ANALYSIS = YES;
				CLANG_WARN_STRICT_PROTOTYPES = YES;
				CLANG_WARN_SUSPICIOUS_MOVE = YES;
				CLANG_WARN_UNGUARDED_AVAILABILITY = YES_AGGRESSIVE;
				CLANG_WARN_UNREACHABLE_CODE = YES;
				CLANG_WARN__DUPLICATE_METHOD_MATCH = YES;
				COPY_PHASE_STRIP = YES;
				DEBUG_INFORMATION_FORMAT = dwarf;
				ENABLE_STRICT_OBJC_MSGSEND = NO;
				ENABLE_TESTABILITY = YES;
				GCC_C_LANGUAGE_STANDARD = "compiler-default";
				GCC_DYNAMIC_NO_PIC = NO;
				GCC_NO_COMMON_BLOCKS = YES;
				GCC_OPTIMIZATION_LEVEL = 0;
				GCC_PREPROCESSOR_DEFINITIONS = (
					"DEBUG=1",
					"$(inherited)",
				);
				GCC_WARN_64_TO_32_BIT_CONVERSION = YES;
				GCC_WARN_ABOUT_RETURN_TYPE = YES_ERROR;
				GCC_WARN_UNDECLARED_SELECTOR = YES;
				GCC_WARN_UNINITIALIZED_AUTOS = YES_AGGRESSIVE;
				GCC_WARN_UNUSED_FUNCTION = YES;
				GCC_WARN_UNUSED_VARIABLE = YES;
				MACOSX_DEPLOYMENT_TARGET = 10.15;
				MTL_ENABLE_DEBUG_INFO = INCLUDE_SOURCE;
				MTL_FAST_MATH = YES;
				ONLY_ACTIVE_ARCH = NO;
				SDKROOT = macosx;
			};
			name = Debug;
		};
		4FDED8782476603B0004B3A0 /* Release */ = {
			isa = XCBuildConfiguration;
			buildSettings = {
				ALWAYS_SEARCH_USER_PATHS = NO;
				CLANG_ANALYZER_NONNULL = YES;
				CLANG_ANALYZER_NUMBER_OBJECT_CONVERSION = YES_AGGRESSIVE;
				CLANG_CXX_LANGUAGE_STANDARD = "compiler-default";
				CLANG_CXX_LIBRARY = "compiler-default";
				CLANG_ENABLE_MODULES = NO;
				CLANG_ENABLE_OBJC_ARC = NO;
				CLANG_ENABLE_OBJC_WEAK = NO;
				CLANG_WARN_BLOCK_CAPTURE_AUTORELEASING = YES;
				CLANG_WARN_BOOL_CONVERSION = YES;
				CLANG_WARN_COMMA = YES;
				CLANG_WARN_CONSTANT_CONVERSION = YES;
				CLANG_WARN_DEPRECATED_OBJC_IMPLEMENTATIONS = YES;
				CLANG_WARN_DIRECT_OBJC_ISA_USAGE = YES_ERROR;
				CLANG_WARN_DOCUMENTATION_COMMENTS = YES;
				CLANG_WARN_EMPTY_BODY = YES;
				CLANG_WARN_ENUM_CONVERSION = YES;
				CLANG_WARN_INFINITE_RECURSION = YES;
				CLANG_WARN_INT_CONVERSION = YES;
				CLANG_WARN_NON_LITERAL_NULL_CONVERSION = YES;
				CLANG_WARN_OBJC_IMPLICIT_RETAIN_SELF = NO;
				CLANG_WARN_OBJC_LITERAL_CONVERSION = YES;
				CLANG_WARN_OBJC_ROOT_CLASS = YES_ERROR;
				CLANG_WARN_RANGE_LOOP_ANALYSIS = YES;
				CLANG_WARN_STRICT_PROTOTYPES = YES;
				CLANG_WARN_SUSPICIOUS_MOVE = YES;
				CLANG_WARN_UNGUARDED_AVAILABILITY = YES_AGGRESSIVE;
				CLANG_WARN_UNREACHABLE_CODE = YES;
				CLANG_WARN__DUPLICATE_METHOD_MATCH = YES;
				COPY_PHASE_STRIP = YES;
				DEBUG_INFORMATION_FORMAT = dwarf;
				ENABLE_NS_ASSERTIONS = YES;
				ENABLE_STRICT_OBJC_MSGSEND = NO;
				GCC_C_LANGUAGE_STANDARD = "compiler-default";
				GCC_NO_COMMON_BLOCKS = YES;
				GCC_WARN_64_TO_32_BIT_CONVERSION = YES;
				GCC_WARN_ABOUT_RETURN_TYPE = YES_ERROR;
				GCC_WARN_UNDECLARED_SELECTOR = YES;
				GCC_WARN_UNINITIALIZED_AUTOS = YES_AGGRESSIVE;
				GCC_WARN_UNUSED_FUNCTION = YES;
				GCC_WARN_UNUSED_VARIABLE = YES;
				MACOSX_DEPLOYMENT_TARGET = 10.15;
				MTL_ENABLE_DEBUG_INFO = NO;
				MTL_FAST_MATH = YES;
				SDKROOT = macosx;
			};
			name = Release;
		};
		4FDED87A2476603B0004B3A0 /* Debug */ = {
			isa = XCBuildConfiguration;
			buildSettings = {
				CODE_SIGN_STYLE = Automatic;
				COMBINE_HIDPI_IMAGES = YES;
				DEVELOPMENT_ASSET_PATHS = "";
				DEVELOPMENT_TEAM = 873P5P2P3S;
				INFOPLIST_FILE = SleepyNixie/Info.plist;
				INSTALL_PATH = "$(HOME)/Library/Screen Savers";
				PRODUCT_BUNDLE_IDENTIFIER = net.g42.SleepyNixie;
				PRODUCT_NAME = "$(TARGET_NAME)";
				WRAPPER_EXTENSION = saver;
			};
			name = Debug;
		};
		4FDED87B2476603B0004B3A0 /* Release */ = {
			isa = XCBuildConfiguration;
			buildSettings = {
				CODE_SIGN_STYLE = Automatic;
				COMBINE_HIDPI_IMAGES = YES;
				DEVELOPMENT_ASSET_PATHS = "";
				DEVELOPMENT_TEAM = 873P5P2P3S;
				INFOPLIST_FILE = SleepyNixie/Info.plist;
				INSTALL_PATH = "$(HOME)/Library/Screen Savers";
				PRODUCT_BUNDLE_IDENTIFIER = net.g42.SleepyNixie;
				PRODUCT_NAME = "$(TARGET_NAME)";
				WRAPPER_EXTENSION = saver;
			};
			name = Release;
		};
/* End XCBuildConfiguration section */

/* Begin XCConfigurationList section */
		4FDED8692476603B0004B3A0 /* Build configuration list for PBXProject "SleepyNixie" */ = {
			isa = XCConfigurationList;
			buildConfigurations = (
				4FDED8772476603B0004B3A0 /* Debug */,
				4FDED8782476603B0004B3A0 /* Release */,
			);
			defaultConfigurationIsVisible = 0;
			defaultConfigurationName = Release;
		};
		4FDED8792476603B0004B3A0 /* Build configuration list for PBXNativeTarget "SleepyNixie" */ = {
			isa = XCConfigurationList;
			buildConfigurations = (
				4FDED87A2476603B0004B3A0 /* Debug */,
				4FDED87B2476603B0004B3A0 /* Release */,
			);
			defaultConfigurationIsVisible = 0;
			defaultConfigurationName = Release;
		};
/* End XCConfigurationList section */
	};
	rootObject = 4FDED8662476603B0004B3A0 /* Project object */;
}
